// !$*UTF8*$!
{
	archiveVersion = 1;
	classes = {
	};
	objectVersion = 56;
	objects = {

/* Begin PBXBuildFile section */
		02418BE4299B909200B8AA07 /* Tasks.xcdatamodeld in Sources */ = {isa = PBXBuildFile; fileRef = 02418BE2299B909200B8AA07 /* Tasks.xcdatamodeld */; };
		02E35D64299A877D00BB77AE /* TaskProjectApp.swift in Sources */ = {isa = PBXBuildFile; fileRef = 02E35D63299A877D00BB77AE /* TaskProjectApp.swift */; };
		02E35D66299A877D00BB77AE /* ContentView.swift in Sources */ = {isa = PBXBuildFile; fileRef = 02E35D65299A877D00BB77AE /* ContentView.swift */; };
		02E35D68299A877F00BB77AE /* Assets.xcassets in Resources */ = {isa = PBXBuildFile; fileRef = 02E35D67299A877F00BB77AE /* Assets.xcassets */; };
		02E35D6B299A877F00BB77AE /* Preview Assets.xcassets in Resources */ = {isa = PBXBuildFile; fileRef = 02E35D6A299A877F00BB77AE /* Preview Assets.xcassets */; };
		02E35D76299A92FA00BB77AE /* TaskManager.swift in Sources */ = {isa = PBXBuildFile; fileRef = 02E35D75299A92FA00BB77AE /* TaskManager.swift */; };
		02E35D78299A931200BB77AE /* CoreDataStorage.swift in Sources */ = {isa = PBXBuildFile; fileRef = 02E35D77299A931200BB77AE /* CoreDataStorage.swift */; };
		02E35D7A299A932500BB77AE /* Task.swift in Sources */ = {isa = PBXBuildFile; fileRef = 02E35D79299A932500BB77AE /* Task.swift */; };
		02E35D7C299A934700BB77AE /* TaskListView.swift in Sources */ = {isa = PBXBuildFile; fileRef = 02E35D7B299A934700BB77AE /* TaskListView.swift */; };
		02E35D7E299A937600BB77AE /* TaskCell.swift in Sources */ = {isa = PBXBuildFile; fileRef = 02E35D7D299A937500BB77AE /* TaskCell.swift */; };
/* End PBXBuildFile section */

/* Begin PBXFileReference section */
		02418BE3299B909200B8AA07 /* Tasks.xcdatamodel */ = {isa = PBXFileReference; lastKnownFileType = wrapper.xcdatamodel; path = Tasks.xcdatamodel; sourceTree = "<group>"; };
		02E35D60299A877D00BB77AE /* TaskProject.app */ = {isa = PBXFileReference; explicitFileType = wrapper.application; includeInIndex = 0; path = TaskProject.app; sourceTree = BUILT_PRODUCTS_DIR; };
		02E35D63299A877D00BB77AE /* TaskProjectApp.swift */ = {isa = PBXFileReference; lastKnownFileType = sourcecode.swift; path = TaskProjectApp.swift; sourceTree = "<group>"; };
		02E35D65299A877D00BB77AE /* ContentView.swift */ = {isa = PBXFileReference; lastKnownFileType = sourcecode.swift; path = ContentView.swift; sourceTree = "<group>"; };
		02E35D67299A877F00BB77AE /* Assets.xcassets */ = {isa = PBXFileReference; lastKnownFileType = folder.assetcatalog; path = Assets.xcassets; sourceTree = "<group>"; };
		02E35D6A299A877F00BB77AE /* Preview Assets.xcassets */ = {isa = PBXFileReference; lastKnownFileType = folder.assetcatalog; path = "Preview Assets.xcassets"; sourceTree = "<group>"; };
		02E35D75299A92FA00BB77AE /* TaskManager.swift */ = {isa = PBXFileReference; lastKnownFileType = sourcecode.swift; path = TaskManager.swift; sourceTree = "<group>"; };
		02E35D77299A931200BB77AE /* CoreDataStorage.swift */ = {isa = PBXFileReference; lastKnownFileType = sourcecode.swift; path = CoreDataStorage.swift; sourceTree = "<group>"; };
		02E35D79299A932500BB77AE /* Task.swift */ = {isa = PBXFileReference; lastKnownFileType = sourcecode.swift; path = Task.swift; sourceTree = "<group>"; };
		02E35D7B299A934700BB77AE /* TaskListView.swift */ = {isa = PBXFileReference; lastKnownFileType = sourcecode.swift; path = TaskListView.swift; sourceTree = "<group>"; };
		02E35D7D299A937500BB77AE /* TaskCell.swift */ = {isa = PBXFileReference; lastKnownFileType = sourcecode.swift; path = TaskCell.swift; sourceTree = "<group>"; };
/* End PBXFileReference section */

/* Begin PBXFrameworksBuildPhase section */
		02E35D5D299A877D00BB77AE /* Frameworks */ = {
			isa = PBXFrameworksBuildPhase;
			buildActionMask = 2147483647;
			files = (
			);
			runOnlyForDeploymentPostprocessing = 0;
		};
/* End PBXFrameworksBuildPhase section */

/* Begin PBXGroup section */
		02E35D57299A877D00BB77AE = {
			isa = PBXGroup;
			children = (
				02E35D62299A877D00BB77AE /* TaskProject */,
				02E35D61299A877D00BB77AE /* Products */,
			);
			sourceTree = "<group>";
		};
		02E35D61299A877D00BB77AE /* Products */ = {
			isa = PBXGroup;
			children = (
				02E35D60299A877D00BB77AE /* TaskProject.app */,
			);
			name = Products;
			sourceTree = "<group>";
		};
		02E35D62299A877D00BB77AE /* TaskProject */ = {
			isa = PBXGroup;
			children = (
				02E35D74299A929000BB77AE /* UI */,
				02E35D71299A924F00BB77AE /* Data */,
				02E35D63299A877D00BB77AE /* TaskProjectApp.swift */,
				02E35D65299A877D00BB77AE /* ContentView.swift */,
				02E35D67299A877F00BB77AE /* Assets.xcassets */,
				02E35D69299A877F00BB77AE /* Preview Content */,
			);
			path = TaskProject;
			sourceTree = "<group>";
		};
		02E35D69299A877F00BB77AE /* Preview Content */ = {
			isa = PBXGroup;
			children = (
				02E35D6A299A877F00BB77AE /* Preview Assets.xcassets */,
			);
			path = "Preview Content";
			sourceTree = "<group>";
		};
		02E35D71299A924F00BB77AE /* Data */ = {
			isa = PBXGroup;
			children = (
				02E35D73299A927900BB77AE /* Management */,
				02E35D72299A926600BB77AE /* Storage */,
				02E35D79299A932500BB77AE /* Task.swift */,
			);
			path = Data;
			sourceTree = "<group>";
		};
		02E35D72299A926600BB77AE /* Storage */ = {
			isa = PBXGroup;
			children = (
				02E35D77299A931200BB77AE /* CoreDataStorage.swift */,
				02418BE2299B909200B8AA07 /* Tasks.xcdatamodeld */,
			);
			path = Storage;
			sourceTree = "<group>";
		};
		02E35D73299A927900BB77AE /* Management */ = {
			isa = PBXGroup;
			children = (
				02E35D75299A92FA00BB77AE /* TaskManager.swift */,
			);
			path = Management;
			sourceTree = "<group>";
		};
		02E35D74299A929000BB77AE /* UI */ = {
			isa = PBXGroup;
			children = (
				02E35D7B299A934700BB77AE /* TaskListView.swift */,
				02E35D7D299A937500BB77AE /* TaskCell.swift */,
			);
			path = UI;
			sourceTree = "<group>";
		};
/* End PBXGroup section */

/* Begin PBXNativeTarget section */
		02E35D5F299A877D00BB77AE /* TaskProject */ = {
			isa = PBXNativeTarget;
			buildConfigurationList = 02E35D6E299A877F00BB77AE /* Build configuration list for PBXNativeTarget "TaskProject" */;
			buildPhases = (
				02E35D5C299A877D00BB77AE /* Sources */,
				02E35D5D299A877D00BB77AE /* Frameworks */,
				02E35D5E299A877D00BB77AE /* Resources */,
			);
			buildRules = (
			);
			dependencies = (
			);
			name = TaskProject;
			productName = TaskProject;
			productReference = 02E35D60299A877D00BB77AE /* TaskProject.app */;
			productType = "com.apple.product-type.application";
		};
/* End PBXNativeTarget section */

/* Begin PBXProject section */
		02E35D58299A877D00BB77AE /* Project object */ = {
			isa = PBXProject;
			attributes = {
				BuildIndependentTargetsInParallel = 1;
				LastSwiftUpdateCheck = 1420;
				LastUpgradeCheck = 1420;
				TargetAttributes = {
					02E35D5F299A877D00BB77AE = {
						CreatedOnToolsVersion = 14.2;
					};
				};
			};
			buildConfigurationList = 02E35D5B299A877D00BB77AE /* Build configuration list for PBXProject "TaskProject" */;
			compatibilityVersion = "Xcode 14.0";
			developmentRegion = en;
			hasScannedForEncodings = 0;
			knownRegions = (
				en,
				Base,
			);
			mainGroup = 02E35D57299A877D00BB77AE;
			productRefGroup = 02E35D61299A877D00BB77AE /* Products */;
			projectDirPath = "";
			projectRoot = "";
			targets = (
				02E35D5F299A877D00BB77AE /* TaskProject */,
			);
		};
/* End PBXProject section */

/* Begin PBXResourcesBuildPhase section */
		02E35D5E299A877D00BB77AE /* Resources */ = {
			isa = PBXResourcesBuildPhase;
			buildActionMask = 2147483647;
			files = (
				02E35D6B299A877F00BB77AE /* Preview Assets.xcassets in Resources */,
				02E35D68299A877F00BB77AE /* Assets.xcassets in Resources */,
			);
			runOnlyForDeploymentPostprocessing = 0;
		};
/* End PBXResourcesBuildPhase section */

/* Begin PBXSourcesBuildPhase section */
		02E35D5C299A877D00BB77AE /* Sources */ = {
			isa = PBXSourcesBuildPhase;
			buildActionMask = 2147483647;
			files = (
				02418BE4299B909200B8AA07 /* Tasks.xcdatamodeld in Sources */,
				02E35D78299A931200BB77AE /* CoreDataStorage.swift in Sources */,
				02E35D7E299A937600BB77AE /* TaskCell.swift in Sources */,
				02E35D76299A92FA00BB77AE /* TaskManager.swift in Sources */,
				02E35D7A299A932500BB77AE /* Task.swift in Sources */,
				02E35D66299A877D00BB77AE /* ContentView.swift in Sources */,
				02E35D64299A877D00BB77AE /* TaskProjectApp.swift in Sources */,
				02E35D7C299A934700BB77AE /* TaskListView.swift in Sources */,
			);
			runOnlyForDeploymentPostprocessing = 0;
		};
/* End PBXSourcesBuildPhase section */

/* Begin XCBuildConfiguration section */
		02E35D6C299A877F00BB77AE /* Debug */ = {
			isa = XCBuildConfiguration;
			buildSettings = {
				ALWAYS_SEARCH_USER_PATHS = NO;
				CLANG_ANALYZER_NONNULL = YES;
				CLANG_ANALYZER_NUMBER_OBJECT_CONVERSION = YES_AGGRESSIVE;
				CLANG_CXX_LANGUAGE_STANDARD = "gnu++20";
				CLANG_ENABLE_MODULES = YES;
				CLANG_ENABLE_OBJC_ARC = YES;
				CLANG_ENABLE_OBJC_WEAK = YES;
				CLANG_WARN_BLOCK_CAPTURE_AUTORELEASING = YES;
				CLANG_WARN_BOOL_CONVERSION = YES;
				CLANG_WARN_COMMA = YES;
				CLANG_WARN_CONSTANT_CONVERSION = YES;
				CLANG_WARN_DEPRECATED_OBJC_IMPLEMENTATIONS = YES;
				CLANG_WARN_DIRECT_OBJC_ISA_USAGE = YES_ERROR;
				CLANG_WARN_DOCUMENTATION_COMMENTS = YES;
				CLANG_WARN_EMPTY_BODY = YES;
				CLANG_WARN_ENUM_CONVERSION = YES;
				CLANG_WARN_INFINITE_RECURSION = YES;
				CLANG_WARN_INT_CONVERSION = YES;
				CLANG_WARN_NON_LITERAL_NULL_CONVERSION = YES;
				CLANG_WARN_OBJC_IMPLICIT_RETAIN_SELF = YES;
				CLANG_WARN_OBJC_LITERAL_CONVERSION = YES;
				CLANG_WARN_OBJC_ROOT_CLASS = YES_ERROR;
				CLANG_WARN_QUOTED_INCLUDE_IN_FRAMEWORK_HEADER = YES;
				CLANG_WARN_RANGE_LOOP_ANALYSIS = YES;
				CLANG_WARN_STRICT_PROTOTYPES = YES;
				CLANG_WARN_SUSPICIOUS_MOVE = YES;
				CLANG_WARN_UNGUARDED_AVAILABILITY = YES_AGGRESSIVE;
				CLANG_WARN_UNREACHABLE_CODE = YES;
				CLANG_WARN__DUPLICATE_METHOD_MATCH = YES;
				COPY_PHASE_STRIP = NO;
				DEBUG_INFORMATION_FORMAT = dwarf;
				ENABLE_STRICT_OBJC_MSGSEND = YES;
				ENABLE_TESTABILITY = YES;
				GCC_C_LANGUAGE_STANDARD = gnu11;
				GCC_DYNAMIC_NO_PIC = NO;
				GCC_NO_COMMON_BLOCKS = YES;
				GCC_OPTIMIZATION_LEVEL = 0;
				GCC_PREPROCESSOR_DEFINITIONS = (
					"DEBUG=1",
					"$(inherited)",
				);
				GCC_WARN_64_TO_32_BIT_CONVERSION = YES;
				GCC_WARN_ABOUT_RETURN_TYPE = YES_ERROR;
				GCC_WARN_UNDECLARED_SELECTOR = YES;
				GCC_WARN_UNINITIALIZED_AUTOS = YES_AGGRESSIVE;
				GCC_WARN_UNUSED_FUNCTION = YES;
				GCC_WARN_UNUSED_VARIABLE = YES;
				IPHONEOS_DEPLOYMENT_TARGET = 16.2;
				MTL_ENABLE_DEBUG_INFO = INCLUDE_SOURCE;
				MTL_FAST_MATH = YES;
				ONLY_ACTIVE_ARCH = YES;
				SDKROOT = iphoneos;
				SWIFT_ACTIVE_COMPILATION_CONDITIONS = DEBUG;
				SWIFT_OPTIMIZATION_LEVEL = "-Onone";
			};
			name = Debug;
		};
		02E35D6D299A877F00BB77AE /* Release */ = {
			isa = XCBuildConfiguration;
			buildSettings = {
				ALWAYS_SEARCH_USER_PATHS = NO;
				CLANG_ANALYZER_NONNULL = YES;
				CLANG_ANALYZER_NUMBER_OBJECT_CONVERSION = YES_AGGRESSIVE;
				CLANG_CXX_LANGUAGE_STANDARD = "gnu++20";
				CLANG_ENABLE_MODULES = YES;
				CLANG_ENABLE_OBJC_ARC = YES;
				CLANG_ENABLE_OBJC_WEAK = YES;
				CLANG_WARN_BLOCK_CAPTURE_AUTORELEASING = YES;
				CLANG_WARN_BOOL_CONVERSION = YES;
				CLANG_WARN_COMMA = YES;
				CLANG_WARN_CONSTANT_CONVERSION = YES;
				CLANG_WARN_DEPRECATED_OBJC_IMPLEMENTATIONS = YES;
				CLANG_WARN_DIRECT_OBJC_ISA_USAGE = YES_ERROR;
				CLANG_WARN_DOCUMENTATION_COMMENTS = YES;
				CLANG_WARN_EMPTY_BODY = YES;
				CLANG_WARN_ENUM_CONVERSION = YES;
				CLANG_WARN_INFINITE_RECURSION = YES;
				CLANG_WARN_INT_CONVERSION = YES;
				CLANG_WARN_NON_LITERAL_NULL_CONVERSION = YES;
				CLANG_WARN_OBJC_IMPLICIT_RETAIN_SELF = YES;
				CLANG_WARN_OBJC_LITERAL_CONVERSION = YES;
				CLANG_WARN_OBJC_ROOT_CLASS = YES_ERROR;
				CLANG_WARN_QUOTED_INCLUDE_IN_FRAMEWORK_HEADER = YES;
				CLANG_WARN_RANGE_LOOP_ANALYSIS = YES;
				CLANG_WARN_STRICT_PROTOTYPES = YES;
				CLANG_WARN_SUSPICIOUS_MOVE = YES;
				CLANG_WARN_UNGUARDED_AVAILABILITY = YES_AGGRESSIVE;
				CLANG_WARN_UNREACHABLE_CODE = YES;
				CLANG_WARN__DUPLICATE_METHOD_MATCH = YES;
				COPY_PHASE_STRIP = NO;
				DEBUG_INFORMATION_FORMAT = "dwarf-with-dsym";
				ENABLE_NS_ASSERTIONS = NO;
				ENABLE_STRICT_OBJC_MSGSEND = YES;
				GCC_C_LANGUAGE_STANDARD = gnu11;
				GCC_NO_COMMON_BLOCKS = YES;
				GCC_WARN_64_TO_32_BIT_CONVERSION = YES;
				GCC_WARN_ABOUT_RETURN_TYPE = YES_ERROR;
				GCC_WARN_UNDECLARED_SELECTOR = YES;
				GCC_WARN_UNINITIALIZED_AUTOS = YES_AGGRESSIVE;
				GCC_WARN_UNUSED_FUNCTION = YES;
				GCC_WARN_UNUSED_VARIABLE = YES;
				IPHONEOS_DEPLOYMENT_TARGET = 16.2;
				MTL_ENABLE_DEBUG_INFO = NO;
				MTL_FAST_MATH = YES;
				SDKROOT = iphoneos;
				SWIFT_COMPILATION_MODE = wholemodule;
				SWIFT_OPTIMIZATION_LEVEL = "-O";
				VALIDATE_PRODUCT = YES;
			};
			name = Release;
		};
		02E35D6F299A877F00BB77AE /* Debug */ = {
			isa = XCBuildConfiguration;
			buildSettings = {
				ASSETCATALOG_COMPILER_APPICON_NAME = AppIcon;
				ASSETCATALOG_COMPILER_GLOBAL_ACCENT_COLOR_NAME = AccentColor;
				CODE_SIGN_STYLE = Automatic;
				CURRENT_PROJECT_VERSION = 1;
				DEVELOPMENT_ASSET_PATHS = "\"TaskProject/Preview Content\"";
				ENABLE_PREVIEWS = YES;
				GENERATE_INFOPLIST_FILE = YES;
				INFOPLIST_KEY_UIApplicationSceneManifest_Generation = YES;
				INFOPLIST_KEY_UIApplicationSupportsIndirectInputEvents = YES;
				INFOPLIST_KEY_UILaunchScreen_Generation = YES;
				INFOPLIST_KEY_UISupportedInterfaceOrientations_iPad = "UIInterfaceOrientationPortrait UIInterfaceOrientationPortraitUpsideDown UIInterfaceOrientationLandscapeLeft UIInterfaceOrientationLandscapeRight";
				INFOPLIST_KEY_UISupportedInterfaceOrientations_iPhone = "UIInterfaceOrientationPortrait UIInterfaceOrientationLandscapeLeft UIInterfaceOrientationLandscapeRight";
				LD_RUNPATH_SEARCH_PATHS = (
					"$(inherited)",
					"@executable_path/Frameworks",
				);
				MARKETING_VERSION = 1.0;
				PRODUCT_BUNDLE_IDENTIFIER = com.sonatel.TaskProject;
				PRODUCT_NAME = "$(TARGET_NAME)";
				SWIFT_EMIT_LOC_STRINGS = YES;
				SWIFT_VERSION = 5.0;
				TARGETED_DEVICE_FAMILY = "1,2";
			};
			name = Debug;
		};
		02E35D70299A877F00BB77AE /* Release */ = {
			isa = XCBuildConfiguration;
			buildSettings = {
				ASSETCATALOG_COMPILER_APPICON_NAME = AppIcon;
				ASSETCATALOG_COMPILER_GLOBAL_ACCENT_COLOR_NAME = AccentColor;
				CODE_SIGN_STYLE = Automatic;
				CURRENT_PROJECT_VERSION = 1;
				DEVELOPMENT_ASSET_PATHS = "\"TaskProject/Preview Content\"";
				ENABLE_PREVIEWS = YES;
				GENERATE_INFOPLIST_FILE = YES;
				INFOPLIST_KEY_UIApplicationSceneManifest_Generation = YES;
				INFOPLIST_KEY_UIApplicationSupportsIndirectInputEvents = YES;
				INFOPLIST_KEY_UILaunchScreen_Generation = YES;
				INFOPLIST_KEY_UISupportedInterfaceOrientations_iPad = "UIInterfaceOrientationPortrait UIInterfaceOrientationPortraitUpsideDown UIInterfaceOrientationLandscapeLeft UIInterfaceOrientationLandscapeRight";
				INFOPLIST_KEY_UISupportedInterfaceOrientations_iPhone = "UIInterfaceOrientationPortrait UIInterfaceOrientationLandscapeLeft UIInterfaceOrientationLandscapeRight";
				LD_RUNPATH_SEARCH_PATHS = (
					"$(inherited)",
					"@executable_path/Frameworks",
				);
				MARKETING_VERSION = 1.0;
				PRODUCT_BUNDLE_IDENTIFIER = com.sonatel.TaskProject;
				PRODUCT_NAME = "$(TARGET_NAME)";
				SWIFT_EMIT_LOC_STRINGS = YES;
				SWIFT_VERSION = 5.0;
				TARGETED_DEVICE_FAMILY = "1,2";
			};
			name = Release;
		};
/* End XCBuildConfiguration section */

/* Begin XCConfigurationList section */
		02E35D5B299A877D00BB77AE /* Build configuration list for PBXProject "TaskProject" */ = {
			isa = XCConfigurationList;
			buildConfigurations = (
				02E35D6C299A877F00BB77AE /* Debug */,
				02E35D6D299A877F00BB77AE /* Release */,
			);
			defaultConfigurationIsVisible = 0;
			defaultConfigurationName = Release;
		};
		02E35D6E299A877F00BB77AE /* Build configuration list for PBXNativeTarget "TaskProject" */ = {
			isa = XCConfigurationList;
			buildConfigurations = (
				02E35D6F299A877F00BB77AE /* Debug */,
				02E35D70299A877F00BB77AE /* Release */,
			);
			defaultConfigurationIsVisible = 0;
			defaultConfigurationName = Release;
		};
/* End XCConfigurationList section */

/* Begin XCVersionGroup section */
		02418BE2299B909200B8AA07 /* Tasks.xcdatamodeld */ = {
			isa = XCVersionGroup;
			children = (
				02418BE3299B909200B8AA07 /* Tasks.xcdatamodel */,
			);
			currentVersion = 02418BE3299B909200B8AA07 /* Tasks.xcdatamodel */;
			path = Tasks.xcdatamodeld;
			sourceTree = "<group>";
			versionGroupType = wrapper.xcdatamodel;
		};
/* End XCVersionGroup section */
	};
	rootObject = 02E35D58299A877D00BB77AE /* Project object */;
}
